# THIS IS AN AUTOGENERATED FILE. DO NOT EDIT THIS FILE DIRECTLY.
# yarn lockfile v1


"@biomejs/biome@^1.9.3":
  version "1.9.4"
  resolved "https://registry.npmmirror.com/@biomejs/biome/-/biome-1.9.4.tgz#89766281cbc3a0aae865a7ff13d6aaffea2842bf"
  integrity sha512-1rkd7G70+o9KkTn5KLmDYXihGoTaIGO9PIIN2ZB7UJxFrWw04CZHPYiMRjYsaDvVV7hP1dYNRLxSANLaBFGpog==
  optionalDependencies:
    "@biomejs/cli-darwin-arm64" "1.9.4"
    "@biomejs/cli-darwin-x64" "1.9.4"
    "@biomejs/cli-linux-arm64" "1.9.4"
    "@biomejs/cli-linux-arm64-musl" "1.9.4"
    "@biomejs/cli-linux-x64" "1.9.4"
    "@biomejs/cli-linux-x64-musl" "1.9.4"
    "@biomejs/cli-win32-arm64" "1.9.4"
    "@biomejs/cli-win32-x64" "1.9.4"

"@biomejs/cli-darwin-arm64@1.9.4":
  version "1.9.4"
  resolved "https://registry.npmmirror.com/@biomejs/cli-darwin-arm64/-/cli-darwin-arm64-1.9.4.tgz#dfa376d23a54a2d8f17133c92f23c1bf2e62509f"
  integrity sha512-bFBsPWrNvkdKrNCYeAp+xo2HecOGPAy9WyNyB/jKnnedgzl4W4Hb9ZMzYNbf8dMCGmUdSavlYHiR01QaYR58cw==

"@biomejs/cli-darwin-x64@1.9.4":
  version "1.9.4"
  resolved "https://registry.npmmirror.com/@biomejs/cli-darwin-x64/-/cli-darwin-x64-1.9.4.tgz#eafc2ce3849d385fc02238aad1ca4a73395a64d9"
  integrity sha512-ngYBh/+bEedqkSevPVhLP4QfVPCpb+4BBe2p7Xs32dBgs7rh9nY2AIYUL6BgLw1JVXV8GlpKmb/hNiuIxfPfZg==

"@biomejs/cli-linux-arm64-musl@1.9.4":
  version "1.9.4"
  resolved "https://registry.npmmirror.com/@biomejs/cli-linux-arm64-musl/-/cli-linux-arm64-musl-1.9.4.tgz#d780c3e01758fc90f3268357e3f19163d1f84fca"
  integrity sha512-v665Ct9WCRjGa8+kTr0CzApU0+XXtRgwmzIf1SeKSGAv+2scAlW6JR5PMFo6FzqqZ64Po79cKODKf3/AAmECqA==

"@biomejs/cli-linux-arm64@1.9.4":
  version "1.9.4"
  resolved "https://registry.npmmirror.com/@biomejs/cli-linux-arm64/-/cli-linux-arm64-1.9.4.tgz#8ed1dd0e89419a4b66a47f95aefb8c46ae6041c9"
  integrity sha512-fJIW0+LYujdjUgJJuwesP4EjIBl/N/TcOX3IvIHJQNsAqvV2CHIogsmA94BPG6jZATS4Hi+xv4SkBBQSt1N4/g==

"@biomejs/cli-linux-x64-musl@1.9.4":
  version "1.9.4"
  resolved "https://registry.npmmirror.com/@biomejs/cli-linux-x64-musl/-/cli-linux-x64-musl-1.9.4.tgz#f36982b966bd671a36671e1de4417963d7db15fb"
  integrity sha512-gEhi/jSBhZ2m6wjV530Yy8+fNqG8PAinM3oV7CyO+6c3CEh16Eizm21uHVsyVBEB6RIM8JHIl6AGYCv6Q6Q9Tg==

"@biomejs/cli-linux-x64@1.9.4":
  version "1.9.4"
  resolved "https://registry.npmmirror.com/@biomejs/cli-linux-x64/-/cli-linux-x64-1.9.4.tgz#a0a7f56680c76b8034ddc149dbf398bdd3a462e8"
  integrity sha512-lRCJv/Vi3Vlwmbd6K+oQ0KhLHMAysN8lXoCI7XeHlxaajk06u7G+UsFSO01NAs5iYuWKmVZjmiOzJ0OJmGsMwg==

"@biomejs/cli-win32-arm64@1.9.4":
  version "1.9.4"
  resolved "https://registry.npmmirror.com/@biomejs/cli-win32-arm64/-/cli-win32-arm64-1.9.4.tgz#e2ef4e0084e76b7e26f0fc887c5ef1265ea56200"
  integrity sha512-tlbhLk+WXZmgwoIKwHIHEBZUwxml7bRJgk0X2sPyNR3S93cdRq6XulAZRQJ17FYGGzWne0fgrXBKpl7l4M87Hg==

"@biomejs/cli-win32-x64@1.9.4":
  version "1.9.4"
  resolved "https://registry.npmmirror.com/@biomejs/cli-win32-x64/-/cli-win32-x64-1.9.4.tgz#4c7afa90e3970213599b4095e62f87e5972b2340"
  integrity sha512-8Y5wMhVIPaWe6jw2H+KlEm4wP/f7EW3810ZLmDlrEEy5KvBsb9ECEfu/kMWD484ijfQ8+nIi0giMgu9g1UAuuA==

"@module-federation/error-codes@0.8.4":
  version "0.8.4"
  resolved "https://registry.npmmirror.com/@module-federation/error-codes/-/error-codes-0.8.4.tgz#c66ead0da86bc010fa53187462c704b3e0d5a256"
  integrity sha512-55LYmrDdKb4jt+qr8qE8U3al62ZANp3FhfVaNPOaAmdTh0jHdD8M3yf5HKFlr5xVkVO4eV/F/J2NCfpbh+pEXQ==

"@module-federation/runtime-tools@0.8.4":
  version "0.8.4"
  resolved "https://registry.npmmirror.com/@module-federation/runtime-tools/-/runtime-tools-0.8.4.tgz#ddf8461fe9b5d5e962511f4e5b622008ee46bde8"
  integrity sha512-fjVOsItJ1u5YY6E9FnS56UDwZgqEQUrWFnouRiPtK123LUuqUI9FH4redZoKWlE1PB0ir1Z3tnqy8eFYzPO38Q==
  dependencies:
    "@module-federation/runtime" "0.8.4"
    "@module-federation/webpack-bundler-runtime" "0.8.4"

"@module-federation/runtime@0.8.4":
  version "0.8.4"
  resolved "https://registry.npmmirror.com/@module-federation/runtime/-/runtime-0.8.4.tgz#7fc63e1b7dda0506bb2a70c1a52aa73513c5b508"
  integrity sha512-yZeZ7z2Rx4gv/0E97oLTF3V6N25vglmwXGgoeju/W2YjsFvWzVtCDI7zRRb0mJhU6+jmSM8jP1DeQGbea/AiZQ==
  dependencies:
    "@module-federation/error-codes" "0.8.4"
    "@module-federation/sdk" "0.8.4"

"@module-federation/sdk@0.8.4":
  version "0.8.4"
  resolved "https://registry.npmmirror.com/@module-federation/sdk/-/sdk-0.8.4.tgz#956e178e104d640482e5afe93c7e3a095a589807"
  integrity sha512-waABomIjg/5m1rPDBWYG4KUhS5r7OUUY7S+avpaVIY/tkPWB3ibRDKy2dNLLAMaLKq0u+B1qIdEp4NIWkqhqpg==
  dependencies:
    isomorphic-rslog "0.0.6"

"@module-federation/webpack-bundler-runtime@0.8.4":
  version "0.8.4"
  resolved "https://registry.npmmirror.com/@module-federation/webpack-bundler-runtime/-/webpack-bundler-runtime-0.8.4.tgz#c01f5a5c5d61664c21ac6c479ebe9d8bf09d22d6"
  integrity sha512-HggROJhvHPUX7uqBD/XlajGygMNM1DG0+4OAkk8MBQe4a18QzrRNzZt6XQbRTSG4OaEoyRWhQHvYD3Yps405tQ==
  dependencies:
    "@module-federation/runtime" "0.8.4"
    "@module-federation/sdk" "0.8.4"

"@preact/signals-core@^1.7.0":
  version "1.8.0"
  resolved "https://registry.npmmirror.com/@preact/signals-core/-/signals-core-1.8.0.tgz#45ffadb81b48a298a4accd26b3f6c0140cd6dacc"
  integrity sha512-OBvUsRZqNmjzCZXWLxkZfhcgT+Fk8DDcT/8vD6a1xhDemodyy87UJRJfASMuSD8FaAIeGgGm85ydXhm7lr4fyA==

"@preact/signals@^2.0.0":
  version "2.0.1"
  resolved "https://registry.npmmirror.com/@preact/signals/-/signals-2.0.1.tgz#61a156eb254451964135f3450745b56f8b3ee71e"
  integrity sha512-f9p/utMgttPb9bJ+UgRBkTDZ9uQiZfX1/gV3pXGWz+yGNQj8MrnG55Xo8MAG4IHcb5UXQO6tvt9ZlsM4A2j+Rw==
  dependencies:
    "@preact/signals-core" "^1.7.0"

"@prefresh/core@^1.5.3":
  version "1.5.3"
  resolved "https://registry.npmmirror.com/@prefresh/core/-/core-1.5.3.tgz#2050324e481b4cf6a7c6c7e3d2ec1de99e53d2c2"
  integrity sha512-nDzxj0tA1/M6APNAWqaxkZ+3sTdPHESa+gol4+Bw7rMc2btWdkLoNH7j9rGhUb8SThC0Vz0VoXtq+U+9azGLHg==

"@prefresh/utils@^1.2.0":
  version "1.2.0"
  resolved "https://registry.npmmirror.com/@prefresh/utils/-/utils-1.2.0.tgz#cbdfe549b207041e38bb6cc382408b30cd24fec8"
  integrity sha512-KtC/fZw+oqtwOLUFM9UtiitB0JsVX0zLKNyRTA332sqREqSALIIQQxdUCS1P3xR/jT1e2e8/5rwH6gdcMLEmsQ==

"@rsbuild/core@^1.2.8":
  version "1.2.8"
  resolved "https://registry.npmmirror.com/@rsbuild/core/-/core-1.2.8.tgz#14d55c6dda904b74c2fab8fa7c8bbd419cab96c9"
  integrity sha512-I5cPKnJxkc+K552x17s2BlSs2Ox8bauoWPpy8mPtW7xwT3h9pprPO6zsMPkj/TJhkGLmeJ1bcVxf6NcrP/jWSA==
  dependencies:
    "@rspack/core" "1.2.3"
    "@rspack/lite-tapable" "~1.0.1"
    "@swc/helpers" "^0.5.15"
    core-js "~3.40.0"

"@rsbuild/plugin-preact@^1.3.0":
  version "1.3.0"
  resolved "https://registry.npmmirror.com/@rsbuild/plugin-preact/-/plugin-preact-1.3.0.tgz#0e7d1310aeb27115a445da05907f4f410c717a19"
  integrity sha512-Fx+Z8Idi+5NaPgHRzCi3azyU5Q4AK+M0Gc797NDoe0ab/JoAZGTKJ9GwqkC4XMcmonP9ewGhgWQhMF7K6B9eog==
  dependencies:
    "@prefresh/core" "^1.5.3"
    "@prefresh/utils" "^1.2.0"
    "@rspack/plugin-preact-refresh" "^1.1.2"
    "@swc/plugin-prefresh" "^6.0.4"

"@rspack/binding-darwin-arm64@1.2.3":
  version "1.2.3"
  resolved "https://registry.npmmirror.com/@rspack/binding-darwin-arm64/-/binding-darwin-arm64-1.2.3.tgz#dc5d8eaff24107438182786f2e44cae5ee8a5a32"
  integrity sha512-xuwYzhPgNCr4BtKXCU3xe4249TFsXAZglIlbxv8Qs3PeIarrZMRddcqH2zUXi+nJavNw3yN12sCYEzk1f+O4FQ==

"@rspack/binding-darwin-x64@1.2.3":
  version "1.2.3"
  resolved "https://registry.npmmirror.com/@rspack/binding-darwin-x64/-/binding-darwin-x64-1.2.3.tgz#5f77c8be2ae238ce8f8f5e18dbb73c399baa4deb"
  integrity sha512-afiIN8elcrO2EtO27UN0qyZqu5FXGUdclud56DrhvEfnWS3GGxJEdjA8XUYVXkfCYakdXHucIJKlkkgaAjEvHg==

"@rspack/binding-linux-arm64-gnu@1.2.3":
  version "1.2.3"
  resolved "https://registry.npmmirror.com/@rspack/binding-linux-arm64-gnu/-/binding-linux-arm64-gnu-1.2.3.tgz#91935de2c9b885f051675ffe4fc7cd24c3c0c8c0"
  integrity sha512-K2u/fPUmKujlKSWL3q2zaUu8/6ZK/bOGKcqJSib8jdanQQ/GFKwKtPAFOOa/vvqbzhDocqKOobFR10FhgJqCHg==

"@rspack/binding-linux-arm64-musl@1.2.3":
  version "1.2.3"
  resolved "https://registry.npmmirror.com/@rspack/binding-linux-arm64-musl/-/binding-linux-arm64-musl-1.2.3.tgz#88c439c0aa739e29643485ae9a1b86a8a1b1e787"
  integrity sha512-mgovdzGb6cH9hQsjTyzDbfZWCPhTcoHcLro1P7UbiqcLPMDJp/k3Io9xV2/EJhaDA1aynIdq7XfY0fuk4+6Irw==

"@rspack/binding-linux-x64-gnu@1.2.3":
  version "1.2.3"
  resolved "https://registry.npmmirror.com/@rspack/binding-linux-x64-gnu/-/binding-linux-x64-gnu-1.2.3.tgz#083542adc8903735d1265e40c82c95046692921d"
  integrity sha512-542lwJzB1RMGuVdBdA3cOWTlmL9okpOppHUBWcNCjmJM+9zTI+0jwjVe8HaqOqtuR8XzNsoCwT9QonU/GLcuhg==

"@rspack/binding-linux-x64-musl@1.2.3":
  version "1.2.3"
  resolved "https://registry.npmmirror.com/@rspack/binding-linux-x64-musl/-/binding-linux-x64-musl-1.2.3.tgz#bc2f1a857fdc613db3f113fb9088e9b73cb88dcc"
  integrity sha512-dJromiREDcTWqzfCOI5y1IVoYmUnCv7vCp63AEq0+13fJJdk7+pcNN3VV2jOKpk9VECSvjg1c01wl+UzXAXFMw==

"@rspack/binding-win32-arm64-msvc@1.2.3":
  version "1.2.3"
  resolved "https://registry.npmmirror.com/@rspack/binding-win32-arm64-msvc/-/binding-win32-arm64-msvc-1.2.3.tgz#fdca01d1ad1be84055f48b0d336a7ec651f97bc4"
  integrity sha512-S8ZKddMMQDGy8jx/R0i2m1XrmfY2CpI+t6lIEpsuZuKUR4MbOGKN2DuL4MDnT3m8JaYvC8ihsvQjBXQCy3SNxQ==

"@rspack/binding-win32-ia32-msvc@1.2.3":
  version "1.2.3"
  resolved "https://registry.npmmirror.com/@rspack/binding-win32-ia32-msvc/-/binding-win32-ia32-msvc-1.2.3.tgz#08739da8427b251e385e800e4d4f9a5d77a58aa7"
  integrity sha512-74lqSMKQJcJcgfFaxm+G9YVJSl2KK9/v4fRoMsWApztNy2qNgee+UguNBCOU6JLa3rVSj8Z5OVVDtJkGFrSvVg==

"@rspack/binding-win32-x64-msvc@1.2.3":
  version "1.2.3"
  resolved "https://registry.npmmirror.com/@rspack/binding-win32-x64-msvc/-/binding-win32-x64-msvc-1.2.3.tgz#a4c445adce3b7a7d09639278b1483b2e6b4550c7"
  integrity sha512-fcU532PgFdd5Bil8jwQW0Dcb/80oM6V0qSstGIxZ4M77t4t8e/PcukXfORTL71FfNQ64Rd4Dp6XRl1NHNJVxeg==

"@rspack/binding@1.2.3":
  version "1.2.3"
  resolved "https://registry.npmmirror.com/@rspack/binding/-/binding-1.2.3.tgz#a17d0ffd5bf653f903e34a673e5b649e4eb9bfd6"
  integrity sha512-enpOXZPQOJO800wdWcR7H5Dx5UZfwkaT0D0xsHD53WbpI09Z2KJbLX7I/i1FLLy3K1KQTB+2FIHLVdRikasXZA==
  optionalDependencies:
    "@rspack/binding-darwin-arm64" "1.2.3"
    "@rspack/binding-darwin-x64" "1.2.3"
    "@rspack/binding-linux-arm64-gnu" "1.2.3"
    "@rspack/binding-linux-arm64-musl" "1.2.3"
    "@rspack/binding-linux-x64-gnu" "1.2.3"
    "@rspack/binding-linux-x64-musl" "1.2.3"
    "@rspack/binding-win32-arm64-msvc" "1.2.3"
    "@rspack/binding-win32-ia32-msvc" "1.2.3"
    "@rspack/binding-win32-x64-msvc" "1.2.3"

"@rspack/core@1.2.3":
  version "1.2.3"
  resolved "https://registry.npmmirror.com/@rspack/core/-/core-1.2.3.tgz#72e76f0dc9a255759c4bcf88d40b2ff8e6a14985"
  integrity sha512-BFgdUYf05/hjjY9Nlwq8DpWaRJN5w2kTl8ZJi20SRL60oAx+ZD2ABT+fsPhBiFSmfTZDdvGGIq5e3vfRzoIuqg==
  dependencies:
    "@module-federation/runtime-tools" "0.8.4"
    "@rspack/binding" "1.2.3"
    "@rspack/lite-tapable" "1.0.1"
    caniuse-lite "^1.0.30001616"

"@rspack/lite-tapable@1.0.1", "@rspack/lite-tapable@~1.0.1":
  version "1.0.1"
  resolved "https://registry.npmmirror.com/@rspack/lite-tapable/-/lite-tapable-1.0.1.tgz#d4540a5d28bd6177164bc0ba0bee4bdec0458591"
  integrity sha512-VynGOEsVw2s8TAlLf/uESfrgfrq2+rcXB1muPJYBWbsm1Oa6r5qVQhjA5ggM6z/coYPrsVMgovl3Ff7Q7OCp1w==

"@rspack/plugin-preact-refresh@^1.1.2":
  version "1.1.2"
  resolved "https://registry.npmmirror.com/@rspack/plugin-preact-refresh/-/plugin-preact-refresh-1.1.2.tgz#b73489945df67113d613f1e1f123c2fe4e175ebf"
  integrity sha512-smTjBS8d0ItLiCt96VvlEHvtYt5rEc5vvB1SxUiv4CdUusb90GXe9+nXyr7EMO+wU3A+kocrGLGnRKLHsgGHUg==

"@swc/counter@^0.1.3":
  version "0.1.3"
  resolved "https://registry.npmmirror.com/@swc/counter/-/counter-0.1.3.tgz#cc7463bd02949611c6329596fccd2b0ec782b0e9"
  integrity sha512-e2BR4lsJkkRlKZ/qCHPw9ZaSxc0MVUd7gtbtaB7aMvHeJVYe8sOB8DBZkP2DtISHGSku9sCK6T6cnY0CtXrOCQ==

"@swc/helpers@^0.5.15":
  version "0.5.15"
  resolved "https://registry.npmmirror.com/@swc/helpers/-/helpers-0.5.15.tgz#79efab344c5819ecf83a43f3f9f811fc84b516d7"
  integrity sha512-JQ5TuMi45Owi4/BIMAJBoSQoOJu12oOk/gADqlcUL9JEdHB8vyjUSsxqeNXnmXHjYKMi2WcYtezGEEhqUI/E2g==
  dependencies:
    tslib "^2.8.0"

"@swc/plugin-prefresh@^6.0.4":
  version "6.0.4"
  resolved "https://registry.npmmirror.com/@swc/plugin-prefresh/-/plugin-prefresh-6.0.4.tgz#9818ad63dd68c2cfd3ff1f00b4979f86e1089352"
  integrity sha512-xCHTMsTA91e9muuoCawtNt0NS/FuQocw09RBSQaapmPjXhUxE3YO2BWBDXKru6Bj3Y+oBJgS/jzRSLNh3/abng==
  dependencies:
    "@swc/counter" "^0.1.3"

caniuse-lite@^1.0.30001616:
  version "1.0.30001700"
  resolved "https://registry.npmmirror.com/caniuse-lite/-/caniuse-lite-1.0.30001700.tgz#26cd429cf09b4fd4e745daf4916039c794d720f6"
  integrity sha512-2S6XIXwaE7K7erT8dY+kLQcpa5ms63XlRkMkReXjle+kf6c5g38vyMl+Z5y8dSxOFDhcFe+nxnn261PLxBSQsQ==

core-js@~3.40.0:
  version "3.40.0"
  resolved "https://registry.npmmirror.com/core-js/-/core-js-3.40.0.tgz#2773f6b06877d8eda102fc42f828176437062476"
  integrity sha512-7vsMc/Lty6AGnn7uFpYT56QesI5D2Y/UkgKounk87OP9Z2H9Z8kj6jzcSGAxFmUtDOS0ntK6lbQz+Nsa0Jj6mQ==

isomorphic-rslog@0.0.6:
  version "0.0.6"
  resolved "https://registry.npmmirror.com/isomorphic-rslog/-/isomorphic-rslog-0.0.6.tgz#abf13c77b545b03e5ab3bc376e6de720e07eb190"
  integrity sha512-HM0q6XqQ93psDlqvuViNs/Ea3hAyGDkIdVAHlrEocjjAwGrs1fZ+EdQjS9eUPacnYB7Y8SoDdSY3H8p3ce205A==

preact@10.26.0:
  version "10.26.0"
  resolved "https://registry.npmmirror.com/preact/-/preact-10.26.0.tgz#35526753a8fbb98138f1de90fd51022bd40ca661"
  integrity sha512-6ugi/Mb7lyV5RA6KlnijFyDLMU253i7L0RRiObIzDoqj59KT9iTeNJbA/YGw6M7jP4vxaab0DOA8DgodTOA6EQ==

prettier@^3.3.3:
  version "3.5.1"
  resolved "https://registry.npmmirror.com/prettier/-/prettier-3.5.1.tgz#22fac9d0b18c0b92055ac8fb619ac1c7bef02fb7"
  integrity sha512-hPpFQvHwL3Qv5AdRvBFMhnKo4tYxp0ReXiPn2bxkiohEX6mBeBwEpBSQTkD458RaaDKQMYSp4hX4UtfUTA5wDw==

tslib@^2.8.0:
  version "2.8.1"
  resolved "https://registry.npmmirror.com/tslib/-/tslib-2.8.1.tgz#612efe4ed235d567e8aba5f2a5fab70280ade83f"
  integrity sha512-oJFu94HQb+KVduSUQL7wnpmqnfmLsOA/nAh6b6EH0wCEoK0/mPeXU6c3wKDV83MkOuHPRHtSXKKU99IBazS/2w==

typescript@^5.7.2:
  version "5.7.3"
  resolved "https://registry.npmmirror.com/typescript/-/typescript-5.7.3.tgz#919b44a7dbb8583a9b856d162be24a54bf80073e"
  integrity sha512-84MVSjMEHP+FQRPy3pX9sTVV/INIex71s9TL2Gm5FG/WG1SqXeKyZ0k7/blY/4FdOzI12CBy1vGc4og/eus0fw==
